// !$*UTF8*$!
{
	archiveVersion = 1;
	classes = {
	};
	objectVersion = 46;
	objects = {

/* Begin PBXBuildFile section */
		A416379A18F463AE00D8B8F4 /* Random.m in Sources */ = {isa = PBXBuildFile; fileRef = A416379918F463AE00D8B8F4 /* Random.m */; };
		A416379D18F4641E00D8B8F4 /* StreetViewController.m in Sources */ = {isa = PBXBuildFile; fileRef = A416379C18F4641E00D8B8F4 /* StreetViewController.m */; };
		A41637A018F464BF00D8B8F4 /* XMLParser.m in Sources */ = {isa = PBXBuildFile; fileRef = A416379F18F464BF00D8B8F4 /* XMLParser.m */; };
		A47F120D18FDDF9D0077429C /* Main_iPhone.storyboard in Resources */ = {isa = PBXBuildFile; fileRef = A47F120C18FDDF9D0077429C /* Main_iPhone.storyboard */; };
		A47F121018FDDFB10077429C /* MainViewController.m in Sources */ = {isa = PBXBuildFile; fileRef = A47F120F18FDDFB10077429C /* MainViewController.m */; };
		A47F128B18FE0E850077429C /* USCities.txt in Resources */ = {isa = PBXBuildFile; fileRef = A47F128A18FE0E850077429C /* USCities.txt */; };
		A496A66E18F2050100C18EBB /* GeoGame.m in Sources */ = {isa = PBXBuildFile; fileRef = A496A66D18F2050100C18EBB /* GeoGame.m */; };
		A4F1A1B718F1AE2000299AD1 /* Foundation.framework in Frameworks */ = {isa = PBXBuildFile; fileRef = A4F1A1B618F1AE2000299AD1 /* Foundation.framework */; };
		A4F1A1B918F1AE2000299AD1 /* CoreGraphics.framework in Frameworks */ = {isa = PBXBuildFile; fileRef = A4F1A1B818F1AE2000299AD1 /* CoreGraphics.framework */; };
		A4F1A1BB18F1AE2000299AD1 /* UIKit.framework in Frameworks */ = {isa = PBXBuildFile; fileRef = A4F1A1BA18F1AE2000299AD1 /* UIKit.framework */; };
		A4F1A1C118F1AE2000299AD1 /* InfoPlist.strings in Resources */ = {isa = PBXBuildFile; fileRef = A4F1A1BF18F1AE2000299AD1 /* InfoPlist.strings */; };
		A4F1A1C318F1AE2000299AD1 /* main.m in Sources */ = {isa = PBXBuildFile; fileRef = A4F1A1C218F1AE2000299AD1 /* main.m */; };
		A4F1A1C718F1AE2000299AD1 /* GeoAppDelegate.m in Sources */ = {isa = PBXBuildFile; fileRef = A4F1A1C618F1AE2000299AD1 /* GeoAppDelegate.m */; };
		A4F1A1CD18F1AE2000299AD1 /* Main_iPad.storyboard in Resources */ = {isa = PBXBuildFile; fileRef = A4F1A1CB18F1AE2000299AD1 /* Main_iPad.storyboard */; };
		A4F1A1D218F1AE2000299AD1 /* Images.xcassets in Resources */ = {isa = PBXBuildFile; fileRef = A4F1A1D118F1AE2000299AD1 /* Images.xcassets */; };
		A4F1A1D918F1AE2000299AD1 /* XCTest.framework in Frameworks */ = {isa = PBXBuildFile; fileRef = A4F1A1D818F1AE2000299AD1 /* XCTest.framework */; };
		A4F1A1DA18F1AE2000299AD1 /* Foundation.framework in Frameworks */ = {isa = PBXBuildFile; fileRef = A4F1A1B618F1AE2000299AD1 /* Foundation.framework */; };
		A4F1A1DB18F1AE2000299AD1 /* UIKit.framework in Frameworks */ = {isa = PBXBuildFile; fileRef = A4F1A1BA18F1AE2000299AD1 /* UIKit.framework */; };
		A4F1A1E318F1AE2000299AD1 /* InfoPlist.strings in Resources */ = {isa = PBXBuildFile; fileRef = A4F1A1E118F1AE2000299AD1 /* InfoPlist.strings */; };
		A4F1A1E518F1AE2000299AD1 /* Geo_MasterTests.m in Sources */ = {isa = PBXBuildFile; fileRef = A4F1A1E418F1AE2000299AD1 /* Geo_MasterTests.m */; };
		A4F1A20118F1B8B800299AD1 /* CoreData.framework in Frameworks */ = {isa = PBXBuildFile; fileRef = A4F1A1F318F1B8B800299AD1 /* CoreData.framework */; };
		A4F1A20218F1B8B800299AD1 /* CoreLocation.framework in Frameworks */ = {isa = PBXBuildFile; fileRef = A4F1A1F418F1B8B800299AD1 /* CoreLocation.framework */; };
		A4F1A20318F1B8B800299AD1 /* CoreText.framework in Frameworks */ = {isa = PBXBuildFile; fileRef = A4F1A1F518F1B8B800299AD1 /* CoreText.framework */; };
		A4F1A20418F1B8B800299AD1 /* GLKit.framework in Frameworks */ = {isa = PBXBuildFile; fileRef = A4F1A1F618F1B8B800299AD1 /* GLKit.framework */; };
		A4F1A20518F1B8B800299AD1 /* ImageIO.framework in Frameworks */ = {isa = PBXBuildFile; fileRef = A4F1A1F718F1B8B800299AD1 /* ImageIO.framework */; };
		A4F1A20618F1B8B800299AD1 /* libc++.dylib in Frameworks */ = {isa = PBXBuildFile; fileRef = A4F1A1F818F1B8B800299AD1 /* libc++.dylib */; };
		A4F1A20718F1B8B800299AD1 /* libc.dylib in Frameworks */ = {isa = PBXBuildFile; fileRef = A4F1A1F918F1B8B800299AD1 /* libc.dylib */; };
		A4F1A20818F1B8B800299AD1 /* libicucore.dylib in Frameworks */ = {isa = PBXBuildFile; fileRef = A4F1A1FA18F1B8B800299AD1 /* libicucore.dylib */; };
		A4F1A20918F1B8B800299AD1 /* libz.dylib in Frameworks */ = {isa = PBXBuildFile; fileRef = A4F1A1FB18F1B8B800299AD1 /* libz.dylib */; };
		A4F1A20A18F1B8B800299AD1 /* OpenAL.framework in Frameworks */ = {isa = PBXBuildFile; fileRef = A4F1A1FC18F1B8B800299AD1 /* OpenAL.framework */; };
		A4F1A20B18F1B8B800299AD1 /* OpenGLES.framework in Frameworks */ = {isa = PBXBuildFile; fileRef = A4F1A1FD18F1B8B800299AD1 /* OpenGLES.framework */; };
		A4F1A20C18F1B8B800299AD1 /* QuartzCore.framework in Frameworks */ = {isa = PBXBuildFile; fileRef = A4F1A1FE18F1B8B800299AD1 /* QuartzCore.framework */; };
		A4F1A20D18F1B8B800299AD1 /* SystemConfiguration.framework in Frameworks */ = {isa = PBXBuildFile; fileRef = A4F1A1FF18F1B8B800299AD1 /* SystemConfiguration.framework */; };
		BB7F126519001000004E6099 /* AVFoundation.framework in Frameworks */ = {isa = PBXBuildFile; fileRef = A4F1A1F218F1B8B800299AD1 /* AVFoundation.framework */; };
		BB7F126B19001040004E6099 /* FontAwesome.ttf in Resources */ = {isa = PBXBuildFile; fileRef = BB7F126619001040004E6099 /* FontAwesome.ttf */; };
		BB7F126C19001040004E6099 /* NSString+FontAwesome.m in Sources */ = {isa = PBXBuildFile; fileRef = BB7F126819001040004E6099 /* NSString+FontAwesome.m */; };
		BB7F126D19001040004E6099 /* UIButton+Bootstrap.m in Sources */ = {isa = PBXBuildFile; fileRef = BB7F126A19001040004E6099 /* UIButton+Bootstrap.m */; };
		BBA405D218FFA0010002CABC /* CFNetwork.framework in Frameworks */ = {isa = PBXBuildFile; fileRef = BBA405D118FFA0000002CABC /* CFNetwork.framework */; };
		BBA405D418FFA00B0002CABC /* AudioToolbox.framework in Frameworks */ = {isa = PBXBuildFile; fileRef = BBA405D318FFA00B0002CABC /* AudioToolbox.framework */; };
		BBA405D618FFA0200002CABC /* libxml2.dylib in Frameworks */ = {isa = PBXBuildFile; fileRef = BBA405D518FFA0200002CABC /* libxml2.dylib */; };
		BBA405D818FFA02D0002CABC /* MediaPlayer.framework in Frameworks */ = {isa = PBXBuildFile; fileRef = BBA405D718FFA02D0002CABC /* MediaPlayer.framework */; };
		BBA405EA18FFA04C0002CABC /* FSAudioController.m in Sources */ = {isa = PBXBuildFile; fileRef = BBA405DB18FFA04C0002CABC /* FSAudioController.m */; };
		BBA405EB18FFA04C0002CABC /* FSAudioStream.mm in Sources */ = {isa = PBXBuildFile; fileRef = BBA405DD18FFA04C0002CABC /* FSAudioStream.mm */; };
		BBA405EC18FFA04C0002CABC /* FSCheckContentTypeRequest.m in Sources */ = {isa = PBXBuildFile; fileRef = BBA405DF18FFA04C0002CABC /* FSCheckContentTypeRequest.m */; };
		BBA405ED18FFA04C0002CABC /* FSParsePlaylistRequest.m in Sources */ = {isa = PBXBuildFile; fileRef = BBA405E118FFA04C0002CABC /* FSParsePlaylistRequest.m */; };
		BBA405EE18FFA04C0002CABC /* FSParseRssPodcastFeedRequest.m in Sources */ = {isa = PBXBuildFile; fileRef = BBA405E318FFA04C0002CABC /* FSParseRssPodcastFeedRequest.m */; };
		BBA405EF18FFA04C0002CABC /* FSPlaylistItem.m in Sources */ = {isa = PBXBuildFile; fileRef = BBA405E518FFA04C0002CABC /* FSPlaylistItem.m */; };
		BBA405F018FFA04C0002CABC /* FSXMLHttpRequest.m in Sources */ = {isa = PBXBuildFile; fileRef = BBA405E718FFA04C0002CABC /* FSXMLHttpRequest.m */; };
		BBA405F118FFA04C0002CABC /* Reachability.m in Sources */ = {isa = PBXBuildFile; fileRef = BBA405E918FFA04C0002CABC /* Reachability.m */; };
		BBA405FF18FFA05A0002CABC /* audio_queue.cpp in Sources */ = {isa = PBXBuildFile; fileRef = BBA405F318FFA05A0002CABC /* audio_queue.cpp */; };
		BBA4060018FFA05A0002CABC /* audio_stream.cpp in Sources */ = {isa = PBXBuildFile; fileRef = BBA405F518FFA05A0002CABC /* audio_stream.cpp */; };
		BBA4060118FFA05A0002CABC /* file_output.cpp in Sources */ = {isa = PBXBuildFile; fileRef = BBA405F718FFA05A0002CABC /* file_output.cpp */; };
		BBA4060218FFA05A0002CABC /* http_stream.cpp in Sources */ = {isa = PBXBuildFile; fileRef = BBA405F918FFA05A0002CABC /* http_stream.cpp */; };
		BBA4060318FFA05A0002CABC /* id3_parser.cpp in Sources */ = {isa = PBXBuildFile; fileRef = BBA405FB18FFA05A0002CABC /* id3_parser.cpp */; };
		BBA4060418FFA05A0002CABC /* stream_configuration.cpp in Sources */ = {isa = PBXBuildFile; fileRef = BBA405FD18FFA05A0002CABC /* stream_configuration.cpp */; };
		BBD2E32C18FE2EB6009A08AD /* FacebookSDK.framework in Frameworks */ = {isa = PBXBuildFile; fileRef = BBD2E32B18FE2EB6009A08AD /* FacebookSDK.framework */; };
		BBD2E32E18FE2EE4009A08AD /* GoogleMaps.framework in Frameworks */ = {isa = PBXBuildFile; fileRef = BBD2E32D18FE2EE4009A08AD /* GoogleMaps.framework */; };
		BBD2E33018FE2EFB009A08AD /* GoogleMaps.bundle in Resources */ = {isa = PBXBuildFile; fileRef = BBD2E32F18FE2EFB009A08AD /* GoogleMaps.bundle */; };
		BBD2E33318FE3F7E009A08AD /* OpenViewController.m in Sources */ = {isa = PBXBuildFile; fileRef = BBD2E33218FE3F7E009A08AD /* OpenViewController.m */; };
		FA3C628119105D8300609E15 /* GeoTutorialChildViewController.m in Sources */ = {isa = PBXBuildFile; fileRef = FA3C627F19105D8300609E15 /* GeoTutorialChildViewController.m */; };
		FA3C628219105D8300609E15 /* GeoTutorialChildViewController.xib in Resources */ = {isa = PBXBuildFile; fileRef = FA3C628019105D8300609E15 /* GeoTutorialChildViewController.xib */; };
		FA3C628619105DAA00609E15 /* GeoTutorialViewController.m in Sources */ = {isa = PBXBuildFile; fileRef = FA3C628419105DAA00609E15 /* GeoTutorialViewController.m */; };
		FA3C628719105DAA00609E15 /* GeoTutorialViewController.xib in Resources */ = {isa = PBXBuildFile; fileRef = FA3C628519105DAA00609E15 /* GeoTutorialViewController.xib */; };
		FA9B3C9E191317B200618222 /* MobileCoreServices.framework in Frameworks */ = {isa = PBXBuildFile; fileRef = FA9B3C9B191317B200618222 /* MobileCoreServices.framework */; };
		FA9B3C9F191317B200618222 /* Security.framework in Frameworks */ = {isa = PBXBuildFile; fileRef = FA9B3C9C191317B200618222 /* Security.framework */; };
		FA9B3CA0191317B200618222 /* StoreKit.framework in Frameworks */ = {isa = PBXBuildFile; fileRef = FA9B3C9D191317B200618222 /* StoreKit.framework */; };
		FAEAD7EB1911CA650060096B /* GeoHighScoresViewController.m in Sources */ = {isa = PBXBuildFile; fileRef = FAEAD7EA1911CA650060096B /* GeoHighScoresViewController.m */; };
		FAEAD7F41911CDA80060096B /* GeoRecord.m in Sources */ = {isa = PBXBuildFile; fileRef = FAEAD7F31911CDA80060096B /* GeoRecord.m */; };
		FAEAD7F81911CECC0060096B /* GeoRecordCollection.m in Sources */ = {isa = PBXBuildFile; fileRef = FAEAD7F71911CECC0060096B /* GeoRecordCollection.m */; };
		FAEAD7FA1911D9520060096B /* GeoRecordTestCase.m in Sources */ = {isa = PBXBuildFile; fileRef = FAEAD7F91911D9520060096B /* GeoRecordTestCase.m */; };
		FAEAD7FD191202490060096B /* GeoHighScoreTableCell.m in Sources */ = {isa = PBXBuildFile; fileRef = FAEAD7FC191202490060096B /* GeoHighScoreTableCell.m */; };
/* End PBXBuildFile section */

/* Begin PBXContainerItemProxy section */
		A4F1A1DC18F1AE2000299AD1 /* PBXContainerItemProxy */ = {
			isa = PBXContainerItemProxy;
			containerPortal = A4F1A1AB18F1AE1F00299AD1 /* Project object */;
			proxyType = 1;
			remoteGlobalIDString = A4F1A1B218F1AE2000299AD1;
			remoteInfo = "Geo Master";
		};
/* End PBXContainerItemProxy section */

/* Begin PBXFileReference section */
		A416379818F463AE00D8B8F4 /* Random.h */ = {isa = PBXFileReference; fileEncoding = 4; lastKnownFileType = sourcecode.c.h; name = Random.h; path = ../Random.h; sourceTree = "<group>"; };
		A416379918F463AE00D8B8F4 /* Random.m */ = {isa = PBXFileReference; fileEncoding = 4; lastKnownFileType = sourcecode.c.objc; name = Random.m; path = ../Random.m; sourceTree = "<group>"; };
		A416379B18F4641E00D8B8F4 /* StreetViewController.h */ = {isa = PBXFileReference; fileEncoding = 4; lastKnownFileType = sourcecode.c.h; name = StreetViewController.h; path = ../StreetViewController.h; sourceTree = "<group>"; };
		A416379C18F4641E00D8B8F4 /* StreetViewController.m */ = {isa = PBXFileReference; fileEncoding = 4; lastKnownFileType = sourcecode.c.objc; lineEnding = 0; name = StreetViewController.m; path = ../StreetViewController.m; sourceTree = "<group>"; usesTabs = 1; };
		A416379E18F464BF00D8B8F4 /* XMLParser.h */ = {isa = PBXFileReference; fileEncoding = 4; lastKnownFileType = sourcecode.c.h; name = XMLParser.h; path = ../XMLParser.h; sourceTree = "<group>"; };
		A416379F18F464BF00D8B8F4 /* XMLParser.m */ = {isa = PBXFileReference; fileEncoding = 4; lastKnownFileType = sourcecode.c.objc; name = XMLParser.m; path = ../XMLParser.m; sourceTree = "<group>"; };
		A47F120C18FDDF9D0077429C /* Main_iPhone.storyboard */ = {isa = PBXFileReference; fileEncoding = 4; lastKnownFileType = file.storyboard; path = Main_iPhone.storyboard; sourceTree = "<group>"; };
		A47F120E18FDDFA80077429C /* MainViewController.h */ = {isa = PBXFileReference; lastKnownFileType = sourcecode.c.h; path = MainViewController.h; sourceTree = "<group>"; };
		A47F120F18FDDFB10077429C /* MainViewController.m */ = {isa = PBXFileReference; fileEncoding = 4; lastKnownFileType = sourcecode.c.objc; path = MainViewController.m; sourceTree = "<group>"; };
		A47F128A18FE0E850077429C /* USCities.txt */ = {isa = PBXFileReference; fileEncoding = 4; lastKnownFileType = text; path = USCities.txt; sourceTree = "<group>"; };
		A496A66C18F2050100C18EBB /* GeoGame.h */ = {isa = PBXFileReference; fileEncoding = 4; lastKnownFileType = sourcecode.c.h; path = GeoGame.h; sourceTree = "<group>"; };
		A496A66D18F2050100C18EBB /* GeoGame.m */ = {isa = PBXFileReference; fileEncoding = 4; lastKnownFileType = sourcecode.c.objc; path = GeoGame.m; sourceTree = "<group>"; };
		A4F1A1B318F1AE2000299AD1 /* Geo Master.app */ = {isa = PBXFileReference; explicitFileType = wrapper.application; includeInIndex = 0; path = "Geo Master.app"; sourceTree = BUILT_PRODUCTS_DIR; };
		A4F1A1B618F1AE2000299AD1 /* Foundation.framework */ = {isa = PBXFileReference; lastKnownFileType = wrapper.framework; name = Foundation.framework; path = System/Library/Frameworks/Foundation.framework; sourceTree = SDKROOT; };
		A4F1A1B818F1AE2000299AD1 /* CoreGraphics.framework */ = {isa = PBXFileReference; lastKnownFileType = wrapper.framework; name = CoreGraphics.framework; path = System/Library/Frameworks/CoreGraphics.framework; sourceTree = SDKROOT; };
		A4F1A1BA18F1AE2000299AD1 /* UIKit.framework */ = {isa = PBXFileReference; lastKnownFileType = wrapper.framework; name = UIKit.framework; path = System/Library/Frameworks/UIKit.framework; sourceTree = SDKROOT; };
		A4F1A1BE18F1AE2000299AD1 /* Geo Master-Info.plist */ = {isa = PBXFileReference; lastKnownFileType = text.plist.xml; path = "Geo Master-Info.plist"; sourceTree = "<group>"; };
		A4F1A1C018F1AE2000299AD1 /* en */ = {isa = PBXFileReference; lastKnownFileType = text.plist.strings; name = en; path = en.lproj/InfoPlist.strings; sourceTree = "<group>"; };
		A4F1A1C218F1AE2000299AD1 /* main.m */ = {isa = PBXFileReference; lastKnownFileType = sourcecode.c.objc; path = main.m; sourceTree = "<group>"; };
		A4F1A1C418F1AE2000299AD1 /* Geo Master-Prefix.pch */ = {isa = PBXFileReference; lastKnownFileType = sourcecode.c.h; path = "Geo Master-Prefix.pch"; sourceTree = "<group>"; };
		A4F1A1C518F1AE2000299AD1 /* GeoAppDelegate.h */ = {isa = PBXFileReference; lastKnownFileType = sourcecode.c.h; path = GeoAppDelegate.h; sourceTree = "<group>"; };
		A4F1A1C618F1AE2000299AD1 /* GeoAppDelegate.m */ = {isa = PBXFileReference; lastKnownFileType = sourcecode.c.objc; path = GeoAppDelegate.m; sourceTree = "<group>"; };
		A4F1A1CC18F1AE2000299AD1 /* Base */ = {isa = PBXFileReference; lastKnownFileType = file.storyboard; name = Base; path = Base.lproj/Main_iPad.storyboard; sourceTree = "<group>"; };
		A4F1A1D118F1AE2000299AD1 /* Images.xcassets */ = {isa = PBXFileReference; lastKnownFileType = folder.assetcatalog; path = Images.xcassets; sourceTree = "<group>"; };
		A4F1A1D718F1AE2000299AD1 /* Geo MasterTests.xctest */ = {isa = PBXFileReference; explicitFileType = wrapper.cfbundle; includeInIndex = 0; path = "Geo MasterTests.xctest"; sourceTree = BUILT_PRODUCTS_DIR; };
		A4F1A1D818F1AE2000299AD1 /* XCTest.framework */ = {isa = PBXFileReference; lastKnownFileType = wrapper.framework; name = XCTest.framework; path = Library/Frameworks/XCTest.framework; sourceTree = DEVELOPER_DIR; };
		A4F1A1E018F1AE2000299AD1 /* Geo MasterTests-Info.plist */ = {isa = PBXFileReference; lastKnownFileType = text.plist.xml; path = "Geo MasterTests-Info.plist"; sourceTree = "<group>"; };
		A4F1A1E218F1AE2000299AD1 /* en */ = {isa = PBXFileReference; lastKnownFileType = text.plist.strings; name = en; path = en.lproj/InfoPlist.strings; sourceTree = "<group>"; };
		A4F1A1E418F1AE2000299AD1 /* Geo_MasterTests.m */ = {isa = PBXFileReference; lastKnownFileType = sourcecode.c.objc; path = Geo_MasterTests.m; sourceTree = "<group>"; };
		A4F1A1F218F1B8B800299AD1 /* AVFoundation.framework */ = {isa = PBXFileReference; lastKnownFileType = wrapper.framework; name = AVFoundation.framework; path = System/Library/Frameworks/AVFoundation.framework; sourceTree = SDKROOT; };
		A4F1A1F318F1B8B800299AD1 /* CoreData.framework */ = {isa = PBXFileReference; lastKnownFileType = wrapper.framework; name = CoreData.framework; path = System/Library/Frameworks/CoreData.framework; sourceTree = SDKROOT; };
		A4F1A1F418F1B8B800299AD1 /* CoreLocation.framework */ = {isa = PBXFileReference; lastKnownFileType = wrapper.framework; name = CoreLocation.framework; path = System/Library/Frameworks/CoreLocation.framework; sourceTree = SDKROOT; };
		A4F1A1F518F1B8B800299AD1 /* CoreText.framework */ = {isa = PBXFileReference; lastKnownFileType = wrapper.framework; name = CoreText.framework; path = System/Library/Frameworks/CoreText.framework; sourceTree = SDKROOT; };
		A4F1A1F618F1B8B800299AD1 /* GLKit.framework */ = {isa = PBXFileReference; lastKnownFileType = wrapper.framework; name = GLKit.framework; path = System/Library/Frameworks/GLKit.framework; sourceTree = SDKROOT; };
		A4F1A1F718F1B8B800299AD1 /* ImageIO.framework */ = {isa = PBXFileReference; lastKnownFileType = wrapper.framework; name = ImageIO.framework; path = System/Library/Frameworks/ImageIO.framework; sourceTree = SDKROOT; };
		A4F1A1F818F1B8B800299AD1 /* libc++.dylib */ = {isa = PBXFileReference; lastKnownFileType = "compiled.mach-o.dylib"; name = "libc++.dylib"; path = "usr/lib/libc++.dylib"; sourceTree = SDKROOT; };
		A4F1A1F918F1B8B800299AD1 /* libc.dylib */ = {isa = PBXFileReference; lastKnownFileType = "compiled.mach-o.dylib"; name = libc.dylib; path = usr/lib/libc.dylib; sourceTree = SDKROOT; };
		A4F1A1FA18F1B8B800299AD1 /* libicucore.dylib */ = {isa = PBXFileReference; lastKnownFileType = "compiled.mach-o.dylib"; name = libicucore.dylib; path = usr/lib/libicucore.dylib; sourceTree = SDKROOT; };
		A4F1A1FB18F1B8B800299AD1 /* libz.dylib */ = {isa = PBXFileReference; lastKnownFileType = "compiled.mach-o.dylib"; name = libz.dylib; path = usr/lib/libz.dylib; sourceTree = SDKROOT; };
		A4F1A1FC18F1B8B800299AD1 /* OpenAL.framework */ = {isa = PBXFileReference; lastKnownFileType = wrapper.framework; name = OpenAL.framework; path = System/Library/Frameworks/OpenAL.framework; sourceTree = SDKROOT; };
		A4F1A1FD18F1B8B800299AD1 /* OpenGLES.framework */ = {isa = PBXFileReference; lastKnownFileType = wrapper.framework; name = OpenGLES.framework; path = System/Library/Frameworks/OpenGLES.framework; sourceTree = SDKROOT; };
		A4F1A1FE18F1B8B800299AD1 /* QuartzCore.framework */ = {isa = PBXFileReference; lastKnownFileType = wrapper.framework; name = QuartzCore.framework; path = System/Library/Frameworks/QuartzCore.framework; sourceTree = SDKROOT; };
		A4F1A1FF18F1B8B800299AD1 /* SystemConfiguration.framework */ = {isa = PBXFileReference; lastKnownFileType = wrapper.framework; name = SystemConfiguration.framework; path = System/Library/Frameworks/SystemConfiguration.framework; sourceTree = SDKROOT; };
		BB7F126619001040004E6099 /* FontAwesome.ttf */ = {isa = PBXFileReference; lastKnownFileType = file; path = FontAwesome.ttf; sourceTree = "<group>"; };
		BB7F126719001040004E6099 /* NSString+FontAwesome.h */ = {isa = PBXFileReference; fileEncoding = 4; lastKnownFileType = sourcecode.c.h; path = "NSString+FontAwesome.h"; sourceTree = "<group>"; };
		BB7F126819001040004E6099 /* NSString+FontAwesome.m */ = {isa = PBXFileReference; fileEncoding = 4; lastKnownFileType = sourcecode.c.objc; path = "NSString+FontAwesome.m"; sourceTree = "<group>"; };
		BB7F126919001040004E6099 /* UIButton+Bootstrap.h */ = {isa = PBXFileReference; fileEncoding = 4; lastKnownFileType = sourcecode.c.h; path = "UIButton+Bootstrap.h"; sourceTree = "<group>"; };
		BB7F126A19001040004E6099 /* UIButton+Bootstrap.m */ = {isa = PBXFileReference; fileEncoding = 4; lastKnownFileType = sourcecode.c.objc; path = "UIButton+Bootstrap.m"; sourceTree = "<group>"; };
		BBA405D118FFA0000002CABC /* CFNetwork.framework */ = {isa = PBXFileReference; lastKnownFileType = wrapper.framework; name = CFNetwork.framework; path = System/Library/Frameworks/CFNetwork.framework; sourceTree = SDKROOT; };
		BBA405D318FFA00B0002CABC /* AudioToolbox.framework */ = {isa = PBXFileReference; lastKnownFileType = wrapper.framework; name = AudioToolbox.framework; path = System/Library/Frameworks/AudioToolbox.framework; sourceTree = SDKROOT; };
		BBA405D518FFA0200002CABC /* libxml2.dylib */ = {isa = PBXFileReference; lastKnownFileType = "compiled.mach-o.dylib"; name = libxml2.dylib; path = usr/lib/libxml2.dylib; sourceTree = SDKROOT; };
		BBA405D718FFA02D0002CABC /* MediaPlayer.framework */ = {isa = PBXFileReference; lastKnownFileType = wrapper.framework; name = MediaPlayer.framework; path = System/Library/Frameworks/MediaPlayer.framework; sourceTree = SDKROOT; };
		BBA405DA18FFA04C0002CABC /* FSAudioController.h */ = {isa = PBXFileReference; fileEncoding = 4; lastKnownFileType = sourcecode.c.h; path = FSAudioController.h; sourceTree = "<group>"; };
		BBA405DB18FFA04C0002CABC /* FSAudioController.m */ = {isa = PBXFileReference; fileEncoding = 4; lastKnownFileType = sourcecode.c.objc; path = FSAudioController.m; sourceTree = "<group>"; };
		BBA405DC18FFA04C0002CABC /* FSAudioStream.h */ = {isa = PBXFileReference; fileEncoding = 4; lastKnownFileType = sourcecode.c.h; path = FSAudioStream.h; sourceTree = "<group>"; };
		BBA405DD18FFA04C0002CABC /* FSAudioStream.mm */ = {isa = PBXFileReference; fileEncoding = 4; lastKnownFileType = sourcecode.cpp.objcpp; path = FSAudioStream.mm; sourceTree = "<group>"; };
		BBA405DE18FFA04C0002CABC /* FSCheckContentTypeRequest.h */ = {isa = PBXFileReference; fileEncoding = 4; lastKnownFileType = sourcecode.c.h; path = FSCheckContentTypeRequest.h; sourceTree = "<group>"; };
		BBA405DF18FFA04C0002CABC /* FSCheckContentTypeRequest.m */ = {isa = PBXFileReference; fileEncoding = 4; lastKnownFileType = sourcecode.c.objc; path = FSCheckContentTypeRequest.m; sourceTree = "<group>"; };
		BBA405E018FFA04C0002CABC /* FSParsePlaylistRequest.h */ = {isa = PBXFileReference; fileEncoding = 4; lastKnownFileType = sourcecode.c.h; path = FSParsePlaylistRequest.h; sourceTree = "<group>"; };
		BBA405E118FFA04C0002CABC /* FSParsePlaylistRequest.m */ = {isa = PBXFileReference; fileEncoding = 4; lastKnownFileType = sourcecode.c.objc; path = FSParsePlaylistRequest.m; sourceTree = "<group>"; };
		BBA405E218FFA04C0002CABC /* FSParseRssPodcastFeedRequest.h */ = {isa = PBXFileReference; fileEncoding = 4; lastKnownFileType = sourcecode.c.h; path = FSParseRssPodcastFeedRequest.h; sourceTree = "<group>"; };
		BBA405E318FFA04C0002CABC /* FSParseRssPodcastFeedRequest.m */ = {isa = PBXFileReference; fileEncoding = 4; lastKnownFileType = sourcecode.c.objc; path = FSParseRssPodcastFeedRequest.m; sourceTree = "<group>"; };
		BBA405E418FFA04C0002CABC /* FSPlaylistItem.h */ = {isa = PBXFileReference; fileEncoding = 4; lastKnownFileType = sourcecode.c.h; path = FSPlaylistItem.h; sourceTree = "<group>"; };
		BBA405E518FFA04C0002CABC /* FSPlaylistItem.m */ = {isa = PBXFileReference; fileEncoding = 4; lastKnownFileType = sourcecode.c.objc; path = FSPlaylistItem.m; sourceTree = "<group>"; };
		BBA405E618FFA04C0002CABC /* FSXMLHttpRequest.h */ = {isa = PBXFileReference; fileEncoding = 4; lastKnownFileType = sourcecode.c.h; path = FSXMLHttpRequest.h; sourceTree = "<group>"; };
		BBA405E718FFA04C0002CABC /* FSXMLHttpRequest.m */ = {isa = PBXFileReference; fileEncoding = 4; lastKnownFileType = sourcecode.c.objc; path = FSXMLHttpRequest.m; sourceTree = "<group>"; };
		BBA405E818FFA04C0002CABC /* Reachability.h */ = {isa = PBXFileReference; fileEncoding = 4; lastKnownFileType = sourcecode.c.h; path = Reachability.h; sourceTree = "<group>"; };
		BBA405E918FFA04C0002CABC /* Reachability.m */ = {isa = PBXFileReference; fileEncoding = 4; lastKnownFileType = sourcecode.c.objc; path = Reachability.m; sourceTree = "<group>"; };
		BBA405F318FFA05A0002CABC /* audio_queue.cpp */ = {isa = PBXFileReference; fileEncoding = 4; lastKnownFileType = sourcecode.cpp.cpp; path = audio_queue.cpp; sourceTree = "<group>"; };
		BBA405F418FFA05A0002CABC /* audio_queue.h */ = {isa = PBXFileReference; fileEncoding = 4; lastKnownFileType = sourcecode.c.h; path = audio_queue.h; sourceTree = "<group>"; };
		BBA405F518FFA05A0002CABC /* audio_stream.cpp */ = {isa = PBXFileReference; fileEncoding = 4; lastKnownFileType = sourcecode.cpp.cpp; path = audio_stream.cpp; sourceTree = "<group>"; };
		BBA405F618FFA05A0002CABC /* audio_stream.h */ = {isa = PBXFileReference; fileEncoding = 4; lastKnownFileType = sourcecode.c.h; path = audio_stream.h; sourceTree = "<group>"; };
		BBA405F718FFA05A0002CABC /* file_output.cpp */ = {isa = PBXFileReference; fileEncoding = 4; lastKnownFileType = sourcecode.cpp.cpp; path = file_output.cpp; sourceTree = "<group>"; };
		BBA405F818FFA05A0002CABC /* file_output.h */ = {isa = PBXFileReference; fileEncoding = 4; lastKnownFileType = sourcecode.c.h; path = file_output.h; sourceTree = "<group>"; };
		BBA405F918FFA05A0002CABC /* http_stream.cpp */ = {isa = PBXFileReference; fileEncoding = 4; lastKnownFileType = sourcecode.cpp.cpp; path = http_stream.cpp; sourceTree = "<group>"; };
		BBA405FA18FFA05A0002CABC /* http_stream.h */ = {isa = PBXFileReference; fileEncoding = 4; lastKnownFileType = sourcecode.c.h; path = http_stream.h; sourceTree = "<group>"; };
		BBA405FB18FFA05A0002CABC /* id3_parser.cpp */ = {isa = PBXFileReference; fileEncoding = 4; lastKnownFileType = sourcecode.cpp.cpp; path = id3_parser.cpp; sourceTree = "<group>"; };
		BBA405FC18FFA05A0002CABC /* id3_parser.h */ = {isa = PBXFileReference; fileEncoding = 4; lastKnownFileType = sourcecode.c.h; path = id3_parser.h; sourceTree = "<group>"; };
		BBA405FD18FFA05A0002CABC /* stream_configuration.cpp */ = {isa = PBXFileReference; fileEncoding = 4; lastKnownFileType = sourcecode.cpp.cpp; path = stream_configuration.cpp; sourceTree = "<group>"; };
		BBA405FE18FFA05A0002CABC /* stream_configuration.h */ = {isa = PBXFileReference; fileEncoding = 4; lastKnownFileType = sourcecode.c.h; path = stream_configuration.h; sourceTree = "<group>"; };
		BBD2E32B18FE2EB6009A08AD /* FacebookSDK.framework */ = {isa = PBXFileReference; lastKnownFileType = wrapper.framework; path = FacebookSDK.framework; sourceTree = "<group>"; };
		BBD2E32D18FE2EE4009A08AD /* GoogleMaps.framework */ = {isa = PBXFileReference; lastKnownFileType = wrapper.framework; path = GoogleMaps.framework; sourceTree = SOURCE_ROOT; };
		BBD2E32F18FE2EFB009A08AD /* GoogleMaps.bundle */ = {isa = PBXFileReference; lastKnownFileType = "wrapper.plug-in"; name = GoogleMaps.bundle; path = GoogleMaps.framework/Versions/A/Resources/GoogleMaps.bundle; sourceTree = "<group>"; };
		BBD2E33118FE3F7E009A08AD /* OpenViewController.h */ = {isa = PBXFileReference; fileEncoding = 4; lastKnownFileType = sourcecode.c.h; path = OpenViewController.h; sourceTree = "<group>"; };
		BBD2E33218FE3F7E009A08AD /* OpenViewController.m */ = {isa = PBXFileReference; fileEncoding = 4; lastKnownFileType = sourcecode.c.objc; path = OpenViewController.m; sourceTree = "<group>"; };
		FA3C627E19105D8300609E15 /* GeoTutorialChildViewController.h */ = {isa = PBXFileReference; fileEncoding = 4; lastKnownFileType = sourcecode.c.h; path = GeoTutorialChildViewController.h; sourceTree = "<group>"; };
		FA3C627F19105D8300609E15 /* GeoTutorialChildViewController.m */ = {isa = PBXFileReference; fileEncoding = 4; lastKnownFileType = sourcecode.c.objc; path = GeoTutorialChildViewController.m; sourceTree = "<group>"; };
		FA3C628019105D8300609E15 /* GeoTutorialChildViewController.xib */ = {isa = PBXFileReference; fileEncoding = 4; lastKnownFileType = file.xib; path = GeoTutorialChildViewController.xib; sourceTree = "<group>"; };
		FA3C628319105DAA00609E15 /* GeoTutorialViewController.h */ = {isa = PBXFileReference; fileEncoding = 4; lastKnownFileType = sourcecode.c.h; path = GeoTutorialViewController.h; sourceTree = "<group>"; };
		FA3C628419105DAA00609E15 /* GeoTutorialViewController.m */ = {isa = PBXFileReference; fileEncoding = 4; lastKnownFileType = sourcecode.c.objc; path = GeoTutorialViewController.m; sourceTree = "<group>"; };
		FA3C628519105DAA00609E15 /* GeoTutorialViewController.xib */ = {isa = PBXFileReference; fileEncoding = 4; lastKnownFileType = file.xib; path = GeoTutorialViewController.xib; sourceTree = "<group>"; };
		FA9B3C981913175100618222 /* Parse.framework */ = {isa = PBXFileReference; lastKnownFileType = wrapper.framework; path = Parse.framework; sourceTree = "<group>"; };
		FA9B3C9B191317B200618222 /* MobileCoreServices.framework */ = {isa = PBXFileReference; lastKnownFileType = wrapper.framework; name = MobileCoreServices.framework; path = System/Library/Frameworks/MobileCoreServices.framework; sourceTree = SDKROOT; };
		FA9B3C9C191317B200618222 /* Security.framework */ = {isa = PBXFileReference; lastKnownFileType = wrapper.framework; name = Security.framework; path = System/Library/Frameworks/Security.framework; sourceTree = SDKROOT; };
		FA9B3C9D191317B200618222 /* StoreKit.framework */ = {isa = PBXFileReference; lastKnownFileType = wrapper.framework; name = StoreKit.framework; path = System/Library/Frameworks/StoreKit.framework; sourceTree = SDKROOT; };
		FAEAD7E91911CA650060096B /* GeoHighScoresViewController.h */ = {isa = PBXFileReference; fileEncoding = 4; lastKnownFileType = sourcecode.c.h; path = GeoHighScoresViewController.h; sourceTree = "<group>"; };
		FAEAD7EA1911CA650060096B /* GeoHighScoresViewController.m */ = {isa = PBXFileReference; fileEncoding = 4; lastKnownFileType = sourcecode.c.objc; path = GeoHighScoresViewController.m; sourceTree = "<group>"; };
		FAEAD7F21911CDA80060096B /* GeoRecord.h */ = {isa = PBXFileReference; fileEncoding = 4; lastKnownFileType = sourcecode.c.h; path = GeoRecord.h; sourceTree = "<group>"; };
		FAEAD7F31911CDA80060096B /* GeoRecord.m */ = {isa = PBXFileReference; fileEncoding = 4; lastKnownFileType = sourcecode.c.objc; path = GeoRecord.m; sourceTree = "<group>"; };
		FAEAD7F61911CECC0060096B /* GeoRecordCollection.h */ = {isa = PBXFileReference; fileEncoding = 4; lastKnownFileType = sourcecode.c.h; path = GeoRecordCollection.h; sourceTree = "<group>"; };
		FAEAD7F71911CECC0060096B /* GeoRecordCollection.m */ = {isa = PBXFileReference; fileEncoding = 4; lastKnownFileType = sourcecode.c.objc; path = GeoRecordCollection.m; sourceTree = "<group>"; };
		FAEAD7F91911D9520060096B /* GeoRecordTestCase.m */ = {isa = PBXFileReference; fileEncoding = 4; lastKnownFileType = sourcecode.c.objc; path = GeoRecordTestCase.m; sourceTree = "<group>"; };
		FAEAD7FB191202490060096B /* GeoHighScoreTableCell.h */ = {isa = PBXFileReference; fileEncoding = 4; lastKnownFileType = sourcecode.c.h; path = GeoHighScoreTableCell.h; sourceTree = "<group>"; };
		FAEAD7FC191202490060096B /* GeoHighScoreTableCell.m */ = {isa = PBXFileReference; fileEncoding = 4; lastKnownFileType = sourcecode.c.objc; path = GeoHighScoreTableCell.m; sourceTree = "<group>"; };
/* End PBXFileReference section */

/* Begin PBXFrameworksBuildPhase section */
		A4F1A1B018F1AE2000299AD1 /* Frameworks */ = {
			isa = PBXFrameworksBuildPhase;
			buildActionMask = 2147483647;
			files = (
				FA9B3C9E191317B200618222 /* MobileCoreServices.framework in Frameworks */,
				FA9B3C9F191317B200618222 /* Security.framework in Frameworks */,
				FA9B3CA0191317B200618222 /* StoreKit.framework in Frameworks */,
				BBA405D418FFA00B0002CABC /* AudioToolbox.framework in Frameworks */,
				BBA405D218FFA0010002CABC /* CFNetwork.framework in Frameworks */,
				A4F1A1B918F1AE2000299AD1 /* CoreGraphics.framework in Frameworks */,
				A4F1A20218F1B8B800299AD1 /* CoreLocation.framework in Frameworks */,
				A4F1A20918F1B8B800299AD1 /* libz.dylib in Frameworks */,
				A4F1A20C18F1B8B800299AD1 /* QuartzCore.framework in Frameworks */,
				A4F1A20D18F1B8B800299AD1 /* SystemConfiguration.framework in Frameworks */,
				BBA405D818FFA02D0002CABC /* MediaPlayer.framework in Frameworks */,
				BBA405D618FFA0200002CABC /* libxml2.dylib in Frameworks */,
				BBD2E32C18FE2EB6009A08AD /* FacebookSDK.framework in Frameworks */,
				BB7F126519001000004E6099 /* AVFoundation.framework in Frameworks */,
				A4F1A20118F1B8B800299AD1 /* CoreData.framework in Frameworks */,
				A4F1A20318F1B8B800299AD1 /* CoreText.framework in Frameworks */,
				A4F1A20418F1B8B800299AD1 /* GLKit.framework in Frameworks */,
				A4F1A20518F1B8B800299AD1 /* ImageIO.framework in Frameworks */,
				A4F1A20618F1B8B800299AD1 /* libc++.dylib in Frameworks */,
				A4F1A20718F1B8B800299AD1 /* libc.dylib in Frameworks */,
				A4F1A20818F1B8B800299AD1 /* libicucore.dylib in Frameworks */,
				A4F1A20A18F1B8B800299AD1 /* OpenAL.framework in Frameworks */,
				A4F1A20B18F1B8B800299AD1 /* OpenGLES.framework in Frameworks */,
				A4F1A1BB18F1AE2000299AD1 /* UIKit.framework in Frameworks */,
				BBD2E32E18FE2EE4009A08AD /* GoogleMaps.framework in Frameworks */,
				A4F1A1B718F1AE2000299AD1 /* Foundation.framework in Frameworks */,
			);
			runOnlyForDeploymentPostprocessing = 0;
		};
		A4F1A1D418F1AE2000299AD1 /* Frameworks */ = {
			isa = PBXFrameworksBuildPhase;
			buildActionMask = 2147483647;
			files = (
				A4F1A1D918F1AE2000299AD1 /* XCTest.framework in Frameworks */,
				A4F1A1DB18F1AE2000299AD1 /* UIKit.framework in Frameworks */,
				A4F1A1DA18F1AE2000299AD1 /* Foundation.framework in Frameworks */,
			);
			runOnlyForDeploymentPostprocessing = 0;
		};
/* End PBXFrameworksBuildPhase section */

/* Begin PBXGroup section */
		A4F1A1AA18F1AE1F00299AD1 = {
			isa = PBXGroup;
			children = (
				A4F1A1BC18F1AE2000299AD1 /* Geo Master */,
				A4F1A1B518F1AE2000299AD1 /* Frameworks */,
				A4F1A1B418F1AE2000299AD1 /* Products */,
			);
			sourceTree = "<group>";
		};
		A4F1A1B418F1AE2000299AD1 /* Products */ = {
			isa = PBXGroup;
			children = (
				A4F1A1B318F1AE2000299AD1 /* Geo Master.app */,
				A4F1A1D718F1AE2000299AD1 /* Geo MasterTests.xctest */,
			);
			name = Products;
			sourceTree = "<group>";
		};
		A4F1A1B518F1AE2000299AD1 /* Frameworks */ = {
			isa = PBXGroup;
			children = (
				FA9B3C9B191317B200618222 /* MobileCoreServices.framework */,
				FA9B3C9C191317B200618222 /* Security.framework */,
				FA9B3C9D191317B200618222 /* StoreKit.framework */,
				FA9B3C981913175100618222 /* Parse.framework */,
				BBA405D718FFA02D0002CABC /* MediaPlayer.framework */,
				BBA405D518FFA0200002CABC /* libxml2.dylib */,
				BBA405D318FFA00B0002CABC /* AudioToolbox.framework */,
				BBA405D118FFA0000002CABC /* CFNetwork.framework */,
				BBD2E32D18FE2EE4009A08AD /* GoogleMaps.framework */,
				BBD2E32B18FE2EB6009A08AD /* FacebookSDK.framework */,
				A4F1A1F218F1B8B800299AD1 /* AVFoundation.framework */,
				A4F1A1F318F1B8B800299AD1 /* CoreData.framework */,
				A4F1A1F418F1B8B800299AD1 /* CoreLocation.framework */,
				A4F1A1F518F1B8B800299AD1 /* CoreText.framework */,
				A4F1A1F618F1B8B800299AD1 /* GLKit.framework */,
				A4F1A1F718F1B8B800299AD1 /* ImageIO.framework */,
				A4F1A1F818F1B8B800299AD1 /* libc++.dylib */,
				BBD2E32F18FE2EFB009A08AD /* GoogleMaps.bundle */,
				A4F1A1F918F1B8B800299AD1 /* libc.dylib */,
				A4F1A1FA18F1B8B800299AD1 /* libicucore.dylib */,
				A4F1A1FB18F1B8B800299AD1 /* libz.dylib */,
				A4F1A1FC18F1B8B800299AD1 /* OpenAL.framework */,
				A4F1A1FD18F1B8B800299AD1 /* OpenGLES.framework */,
				A4F1A1FE18F1B8B800299AD1 /* QuartzCore.framework */,
				A4F1A1FF18F1B8B800299AD1 /* SystemConfiguration.framework */,
				A4F1A1B618F1AE2000299AD1 /* Foundation.framework */,
				A4F1A1B818F1AE2000299AD1 /* CoreGraphics.framework */,
				A4F1A1BA18F1AE2000299AD1 /* UIKit.framework */,
				A4F1A1D818F1AE2000299AD1 /* XCTest.framework */,
			);
			name = Frameworks;
			sourceTree = "<group>";
		};
		A4F1A1BC18F1AE2000299AD1 /* Geo Master */ = {
			isa = PBXGroup;
			children = (
				FAEAD7E71911C9F30060096B /* Models */,
				FAEAD7E81911CA000060096B /* View Controllers */,
				A47F120C18FDDF9D0077429C /* Main_iPhone.storyboard */,
				A4F1A1D118F1AE2000299AD1 /* Images.xcassets */,
				A4F1A1BD18F1AE2000299AD1 /* Supporting Files */,
				A4F1A1DE18F1AE2000299AD1 /* Geo MasterTests */,
			);
			path = "Geo Master";
			sourceTree = "<group>";
		};
		A4F1A1BD18F1AE2000299AD1 /* Supporting Files */ = {
			isa = PBXGroup;
			children = (
				BB7F126619001040004E6099 /* FontAwesome.ttf */,
				BB7F126719001040004E6099 /* NSString+FontAwesome.h */,
				BB7F126819001040004E6099 /* NSString+FontAwesome.m */,
				BB7F126919001040004E6099 /* UIButton+Bootstrap.h */,
				BB7F126A19001040004E6099 /* UIButton+Bootstrap.m */,
				BBA405F218FFA05A0002CABC /* astreamer */,
				BBA405D918FFA04C0002CABC /* Common */,
				A4F1A1C218F1AE2000299AD1 /* main.m */,
				A4F1A1C518F1AE2000299AD1 /* GeoAppDelegate.h */,
				A4F1A1C618F1AE2000299AD1 /* GeoAppDelegate.m */,
				A416379918F463AE00D8B8F4 /* Random.m */,
				A416379818F463AE00D8B8F4 /* Random.h */,
				A416379E18F464BF00D8B8F4 /* XMLParser.h */,
				A416379F18F464BF00D8B8F4 /* XMLParser.m */,
				A4F1A1CB18F1AE2000299AD1 /* Main_iPad.storyboard */,
				A4F1A1BE18F1AE2000299AD1 /* Geo Master-Info.plist */,
				A4F1A1BF18F1AE2000299AD1 /* InfoPlist.strings */,
				A4F1A1C418F1AE2000299AD1 /* Geo Master-Prefix.pch */,
				A47F128A18FE0E850077429C /* USCities.txt */,
			);
			name = "Supporting Files";
			sourceTree = "<group>";
		};
		A4F1A1DE18F1AE2000299AD1 /* Geo MasterTests */ = {
			isa = PBXGroup;
			children = (
				A4F1A1E418F1AE2000299AD1 /* Geo_MasterTests.m */,
				FAEAD7F91911D9520060096B /* GeoRecordTestCase.m */,
				A4F1A1DF18F1AE2000299AD1 /* Supporting Files */,
			);
			path = "Geo MasterTests";
			sourceTree = SOURCE_ROOT;
		};
		A4F1A1DF18F1AE2000299AD1 /* Supporting Files */ = {
			isa = PBXGroup;
			children = (
				A4F1A1E018F1AE2000299AD1 /* Geo MasterTests-Info.plist */,
				A4F1A1E118F1AE2000299AD1 /* InfoPlist.strings */,
			);
			name = "Supporting Files";
			sourceTree = "<group>";
		};
		BBA405D918FFA04C0002CABC /* Common */ = {
			isa = PBXGroup;
			children = (
				BBA405DA18FFA04C0002CABC /* FSAudioController.h */,
				BBA405DB18FFA04C0002CABC /* FSAudioController.m */,
				BBA405DC18FFA04C0002CABC /* FSAudioStream.h */,
				BBA405DD18FFA04C0002CABC /* FSAudioStream.mm */,
				BBA405DE18FFA04C0002CABC /* FSCheckContentTypeRequest.h */,
				BBA405DF18FFA04C0002CABC /* FSCheckContentTypeRequest.m */,
				BBA405E018FFA04C0002CABC /* FSParsePlaylistRequest.h */,
				BBA405E118FFA04C0002CABC /* FSParsePlaylistRequest.m */,
				BBA405E218FFA04C0002CABC /* FSParseRssPodcastFeedRequest.h */,
				BBA405E318FFA04C0002CABC /* FSParseRssPodcastFeedRequest.m */,
				BBA405E418FFA04C0002CABC /* FSPlaylistItem.h */,
				BBA405E518FFA04C0002CABC /* FSPlaylistItem.m */,
				BBA405E618FFA04C0002CABC /* FSXMLHttpRequest.h */,
				BBA405E718FFA04C0002CABC /* FSXMLHttpRequest.m */,
				BBA405E818FFA04C0002CABC /* Reachability.h */,
				BBA405E918FFA04C0002CABC /* Reachability.m */,
			);
			path = Common;
			sourceTree = "<group>";
		};
		BBA405F218FFA05A0002CABC /* astreamer */ = {
			isa = PBXGroup;
			children = (
				BBA405F318FFA05A0002CABC /* audio_queue.cpp */,
				BBA405F418FFA05A0002CABC /* audio_queue.h */,
				BBA405F518FFA05A0002CABC /* audio_stream.cpp */,
				BBA405F618FFA05A0002CABC /* audio_stream.h */,
				BBA405F718FFA05A0002CABC /* file_output.cpp */,
				BBA405F818FFA05A0002CABC /* file_output.h */,
				BBA405F918FFA05A0002CABC /* http_stream.cpp */,
				BBA405FA18FFA05A0002CABC /* http_stream.h */,
				BBA405FB18FFA05A0002CABC /* id3_parser.cpp */,
				BBA405FC18FFA05A0002CABC /* id3_parser.h */,
				BBA405FD18FFA05A0002CABC /* stream_configuration.cpp */,
				BBA405FE18FFA05A0002CABC /* stream_configuration.h */,
			);
			path = astreamer;
			sourceTree = "<group>";
		};
		FA3C627D19105D3A00609E15 /* Tutorial */ = {
			isa = PBXGroup;
			children = (
				FA3C627E19105D8300609E15 /* GeoTutorialChildViewController.h */,
				FA3C627F19105D8300609E15 /* GeoTutorialChildViewController.m */,
				FA3C628019105D8300609E15 /* GeoTutorialChildViewController.xib */,
				FA3C628319105DAA00609E15 /* GeoTutorialViewController.h */,
				FA3C628419105DAA00609E15 /* GeoTutorialViewController.m */,
				FA3C628519105DAA00609E15 /* GeoTutorialViewController.xib */,
			);
			name = Tutorial;
			sourceTree = "<group>";
		};
		FAEAD7E71911C9F30060096B /* Models */ = {
			isa = PBXGroup;
			children = (
				FAEAD7F51911CEB00060096B /* Geo Record List */,
				FAEAD7F11911CD930060096B /* Record */,
				FAEAD7F01911CD8A0060096B /* Geo Game */,
			);
			name = Models;
			sourceTree = "<group>";
		};
		FAEAD7E81911CA000060096B /* View Controllers */ = {
			isa = PBXGroup;
			children = (
				FAEAD7ED1911CA7F0060096B /* Main View */,
				FAEAD7EC1911CA710060096B /* Open View */,
				FAEAD7EE1911CA870060096B /* Street View */,
				FA3C627D19105D3A00609E15 /* Tutorial */,
				FAEAD7EF1911CA8D0060096B /* High Scores */,
			);
			name = "View Controllers";
			sourceTree = "<group>";
		};
		FAEAD7EC1911CA710060096B /* Open View */ = {
			isa = PBXGroup;
			children = (
				BBD2E33118FE3F7E009A08AD /* OpenViewController.h */,
				BBD2E33218FE3F7E009A08AD /* OpenViewController.m */,
			);
			name = "Open View";
			sourceTree = "<group>";
		};
		FAEAD7ED1911CA7F0060096B /* Main View */ = {
			isa = PBXGroup;
			children = (
				A47F120E18FDDFA80077429C /* MainViewController.h */,
				A47F120F18FDDFB10077429C /* MainViewController.m */,
			);
			name = "Main View";
			sourceTree = "<group>";
		};
		FAEAD7EE1911CA870060096B /* Street View */ = {
			isa = PBXGroup;
			children = (
				A416379B18F4641E00D8B8F4 /* StreetViewController.h */,
				A416379C18F4641E00D8B8F4 /* StreetViewController.m */,
			);
			name = "Street View";
			sourceTree = "<group>";
		};
		FAEAD7EF1911CA8D0060096B /* High Scores */ = {
			isa = PBXGroup;
			children = (
				FAEAD7E91911CA650060096B /* GeoHighScoresViewController.h */,
				FAEAD7EA1911CA650060096B /* GeoHighScoresViewController.m */,
				FAEAD7FB191202490060096B /* GeoHighScoreTableCell.h */,
				FAEAD7FC191202490060096B /* GeoHighScoreTableCell.m */,
			);
			name = "High Scores";
			sourceTree = "<group>";
		};
		FAEAD7F01911CD8A0060096B /* Geo Game */ = {
			isa = PBXGroup;
			children = (
				A496A66C18F2050100C18EBB /* GeoGame.h */,
				A496A66D18F2050100C18EBB /* GeoGame.m */,
			);
			name = "Geo Game";
			sourceTree = "<group>";
		};
		FAEAD7F11911CD930060096B /* Record */ = {
			isa = PBXGroup;
			children = (
				FAEAD7F21911CDA80060096B /* GeoRecord.h */,
				FAEAD7F31911CDA80060096B /* GeoRecord.m */,
			);
			name = Record;
			sourceTree = "<group>";
		};
		FAEAD7F51911CEB00060096B /* Geo Record List */ = {
			isa = PBXGroup;
			children = (
				FAEAD7F61911CECC0060096B /* GeoRecordCollection.h */,
				FAEAD7F71911CECC0060096B /* GeoRecordCollection.m */,
			);
			name = "Geo Record List";
			sourceTree = "<group>";
		};
/* End PBXGroup section */

/* Begin PBXNativeTarget section */
		A4F1A1B218F1AE2000299AD1 /* Geo Master */ = {
			isa = PBXNativeTarget;
			buildConfigurationList = A4F1A1E818F1AE2000299AD1 /* Build configuration list for PBXNativeTarget "Geo Master" */;
			buildPhases = (
				A4F1A1AF18F1AE2000299AD1 /* Sources */,
				A4F1A1B018F1AE2000299AD1 /* Frameworks */,
				A4F1A1B118F1AE2000299AD1 /* Resources */,
			);
			buildRules = (
			);
			dependencies = (
			);
			name = "Geo Master";
			productName = "Geo Master";
			productReference = A4F1A1B318F1AE2000299AD1 /* Geo Master.app */;
			productType = "com.apple.product-type.application";
		};
		A4F1A1D618F1AE2000299AD1 /* Geo MasterTests */ = {
			isa = PBXNativeTarget;
			buildConfigurationList = A4F1A1EB18F1AE2000299AD1 /* Build configuration list for PBXNativeTarget "Geo MasterTests" */;
			buildPhases = (
				A4F1A1D318F1AE2000299AD1 /* Sources */,
				A4F1A1D418F1AE2000299AD1 /* Frameworks */,
				A4F1A1D518F1AE2000299AD1 /* Resources */,
			);
			buildRules = (
			);
			dependencies = (
				A4F1A1DD18F1AE2000299AD1 /* PBXTargetDependency */,
			);
			name = "Geo MasterTests";
			productName = "Geo MasterTests";
			productReference = A4F1A1D718F1AE2000299AD1 /* Geo MasterTests.xctest */;
			productType = "com.apple.product-type.bundle.unit-test";
		};
/* End PBXNativeTarget section */

/* Begin PBXProject section */
		A4F1A1AB18F1AE1F00299AD1 /* Project object */ = {
			isa = PBXProject;
			attributes = {
				CLASSPREFIX = Geo;
				LastUpgradeCheck = 0510;
				ORGANIZATIONNAME = ios.uiowa;
				TargetAttributes = {
					A4F1A1D618F1AE2000299AD1 = {
						TestTargetID = A4F1A1B218F1AE2000299AD1;
					};
				};
			};
			buildConfigurationList = A4F1A1AE18F1AE2000299AD1 /* Build configuration list for PBXProject "Geo Master" */;
			compatibilityVersion = "Xcode 3.2";
			developmentRegion = English;
			hasScannedForEncodings = 0;
			knownRegions = (
				en,
				Base,
			);
			mainGroup = A4F1A1AA18F1AE1F00299AD1;
			productRefGroup = A4F1A1B418F1AE2000299AD1 /* Products */;
			projectDirPath = "";
			projectRoot = "";
			targets = (
				A4F1A1B218F1AE2000299AD1 /* Geo Master */,
				A4F1A1D618F1AE2000299AD1 /* Geo MasterTests */,
			);
		};
/* End PBXProject section */

/* Begin PBXResourcesBuildPhase section */
		A4F1A1B118F1AE2000299AD1 /* Resources */ = {
			isa = PBXResourcesBuildPhase;
			buildActionMask = 2147483647;
			files = (
				A4F1A1CD18F1AE2000299AD1 /* Main_iPad.storyboard in Resources */,
				FA3C628219105D8300609E15 /* GeoTutorialChildViewController.xib in Resources */,
				BB7F126B19001040004E6099 /* FontAwesome.ttf in Resources */,
				FA3C628719105DAA00609E15 /* GeoTutorialViewController.xib in Resources */,
				A4F1A1D218F1AE2000299AD1 /* Images.xcassets in Resources */,
				A47F120D18FDDF9D0077429C /* Main_iPhone.storyboard in Resources */,
				BBD2E33018FE2EFB009A08AD /* GoogleMaps.bundle in Resources */,
				A4F1A1C118F1AE2000299AD1 /* InfoPlist.strings in Resources */,
				A47F128B18FE0E850077429C /* USCities.txt in Resources */,
			);
			runOnlyForDeploymentPostprocessing = 0;
		};
		A4F1A1D518F1AE2000299AD1 /* Resources */ = {
			isa = PBXResourcesBuildPhase;
			buildActionMask = 2147483647;
			files = (
				A4F1A1E318F1AE2000299AD1 /* InfoPlist.strings in Resources */,
			);
			runOnlyForDeploymentPostprocessing = 0;
		};
/* End PBXResourcesBuildPhase section */

/* Begin PBXSourcesBuildPhase section */
		A4F1A1AF18F1AE2000299AD1 /* Sources */ = {
			isa = PBXSourcesBuildPhase;
			buildActionMask = 2147483647;
			files = (
				BBA405EA18FFA04C0002CABC /* FSAudioController.m in Sources */,
				BBD2E33318FE3F7E009A08AD /* OpenViewController.m in Sources */,
				FA3C628619105DAA00609E15 /* GeoTutorialViewController.m in Sources */,
				A4F1A1C718F1AE2000299AD1 /* GeoAppDelegate.m in Sources */,
				BBA4060218FFA05A0002CABC /* http_stream.cpp in Sources */,
				BBA405F018FFA04C0002CABC /* FSXMLHttpRequest.m in Sources */,
				BBA4060118FFA05A0002CABC /* file_output.cpp in Sources */,
				BBA4060018FFA05A0002CABC /* audio_stream.cpp in Sources */,
				FAEAD7F81911CECC0060096B /* GeoRecordCollection.m in Sources */,
				FAEAD7FD191202490060096B /* GeoHighScoreTableCell.m in Sources */,
				BBA405FF18FFA05A0002CABC /* audio_queue.cpp in Sources */,
				BBA405EC18FFA04C0002CABC /* FSCheckContentTypeRequest.m in Sources */,
				BBA405EE18FFA04C0002CABC /* FSParseRssPodcastFeedRequest.m in Sources */,
				BBA405EB18FFA04C0002CABC /* FSAudioStream.mm in Sources */,
				A416379D18F4641E00D8B8F4 /* StreetViewController.m in Sources */,
				BBA405ED18FFA04C0002CABC /* FSParsePlaylistRequest.m in Sources */,
				A4F1A1C318F1AE2000299AD1 /* main.m in Sources */,
				BBA405F118FFA04C0002CABC /* Reachability.m in Sources */,
				A47F121018FDDFB10077429C /* MainViewController.m in Sources */,
				FAEAD7EB1911CA650060096B /* GeoHighScoresViewController.m in Sources */,
				BB7F126C19001040004E6099 /* NSString+FontAwesome.m in Sources */,
				FA3C628119105D8300609E15 /* GeoTutorialChildViewController.m in Sources */,
				BBA4060418FFA05A0002CABC /* stream_configuration.cpp in Sources */,
				BB7F126D19001040004E6099 /* UIButton+Bootstrap.m in Sources */,
				BBA4060318FFA05A0002CABC /* id3_parser.cpp in Sources */,
				A41637A018F464BF00D8B8F4 /* XMLParser.m in Sources */,
				FAEAD7F41911CDA80060096B /* GeoRecord.m in Sources */,
				BBA405EF18FFA04C0002CABC /* FSPlaylistItem.m in Sources */,
				A416379A18F463AE00D8B8F4 /* Random.m in Sources */,
				A496A66E18F2050100C18EBB /* GeoGame.m in Sources */,
			);
			runOnlyForDeploymentPostprocessing = 0;
		};
		A4F1A1D318F1AE2000299AD1 /* Sources */ = {
			isa = PBXSourcesBuildPhase;
			buildActionMask = 2147483647;
			files = (
				FAEAD7FA1911D9520060096B /* GeoRecordTestCase.m in Sources */,
				A4F1A1E518F1AE2000299AD1 /* Geo_MasterTests.m in Sources */,
			);
			runOnlyForDeploymentPostprocessing = 0;
		};
/* End PBXSourcesBuildPhase section */

/* Begin PBXTargetDependency section */
		A4F1A1DD18F1AE2000299AD1 /* PBXTargetDependency */ = {
			isa = PBXTargetDependency;
			target = A4F1A1B218F1AE2000299AD1 /* Geo Master */;
			targetProxy = A4F1A1DC18F1AE2000299AD1 /* PBXContainerItemProxy */;
		};
/* End PBXTargetDependency section */

/* Begin PBXVariantGroup section */
		A4F1A1BF18F1AE2000299AD1 /* InfoPlist.strings */ = {
			isa = PBXVariantGroup;
			children = (
				A4F1A1C018F1AE2000299AD1 /* en */,
			);
			name = InfoPlist.strings;
			sourceTree = "<group>";
		};
		A4F1A1CB18F1AE2000299AD1 /* Main_iPad.storyboard */ = {
			isa = PBXVariantGroup;
			children = (
				A4F1A1CC18F1AE2000299AD1 /* Base */,
			);
			name = Main_iPad.storyboard;
			sourceTree = "<group>";
		};
		A4F1A1E118F1AE2000299AD1 /* InfoPlist.strings */ = {
			isa = PBXVariantGroup;
			children = (
				A4F1A1E218F1AE2000299AD1 /* en */,
			);
			name = InfoPlist.strings;
			sourceTree = "<group>";
		};
/* End PBXVariantGroup section */

/* Begin XCBuildConfiguration section */
		A4F1A1E618F1AE2000299AD1 /* Debug */ = {
			isa = XCBuildConfiguration;
			buildSettings = {
				ALWAYS_SEARCH_USER_PATHS = NO;
				CLANG_CXX_LANGUAGE_STANDARD = "gnu++0x";
				CLANG_CXX_LIBRARY = "libc++";
				CLANG_ENABLE_MODULES = YES;
				CLANG_ENABLE_OBJC_ARC = YES;
				CLANG_WARN_BOOL_CONVERSION = YES;
				CLANG_WARN_CONSTANT_CONVERSION = YES;
				CLANG_WARN_DIRECT_OBJC_ISA_USAGE = YES_ERROR;
				CLANG_WARN_EMPTY_BODY = YES;
				CLANG_WARN_ENUM_CONVERSION = YES;
				CLANG_WARN_INT_CONVERSION = YES;
				CLANG_WARN_OBJC_ROOT_CLASS = YES_ERROR;
				CLANG_WARN__DUPLICATE_METHOD_MATCH = YES;
				"CODE_SIGN_IDENTITY[sdk=iphoneos*]" = "iPhone Developer";
				COPY_PHASE_STRIP = NO;
				GCC_C_LANGUAGE_STANDARD = gnu99;
				GCC_DYNAMIC_NO_PIC = NO;
				GCC_OPTIMIZATION_LEVEL = 0;
				GCC_PREPROCESSOR_DEFINITIONS = (
					"DEBUG=1",
					"$(inherited)",
				);
				GCC_SYMBOLS_PRIVATE_EXTERN = NO;
				GCC_WARN_64_TO_32_BIT_CONVERSION = YES;
				GCC_WARN_ABOUT_RETURN_TYPE = YES_ERROR;
				GCC_WARN_UNDECLARED_SELECTOR = YES;
				GCC_WARN_UNINITIALIZED_AUTOS = YES;
				GCC_WARN_UNUSED_FUNCTION = YES;
				GCC_WARN_UNUSED_VARIABLE = YES;
				IPHONEOS_DEPLOYMENT_TARGET = 7.0;
				ONLY_ACTIVE_ARCH = YES;
				SDKROOT = iphoneos;
				TARGETED_DEVICE_FAMILY = "1,2";
			};
			name = Debug;
		};
		A4F1A1E718F1AE2000299AD1 /* Release */ = {
			isa = XCBuildConfiguration;
			buildSettings = {
				ALWAYS_SEARCH_USER_PATHS = NO;
				CLANG_CXX_LANGUAGE_STANDARD = "gnu++0x";
				CLANG_CXX_LIBRARY = "libc++";
				CLANG_ENABLE_MODULES = YES;
				CLANG_ENABLE_OBJC_ARC = YES;
				CLANG_WARN_BOOL_CONVERSION = YES;
				CLANG_WARN_CONSTANT_CONVERSION = YES;
				CLANG_WARN_DIRECT_OBJC_ISA_USAGE = YES_ERROR;
				CLANG_WARN_EMPTY_BODY = YES;
				CLANG_WARN_ENUM_CONVERSION = YES;
				CLANG_WARN_INT_CONVERSION = YES;
				CLANG_WARN_OBJC_ROOT_CLASS = YES_ERROR;
				CLANG_WARN__DUPLICATE_METHOD_MATCH = YES;
				"CODE_SIGN_IDENTITY[sdk=iphoneos*]" = "iPhone Developer";
				COPY_PHASE_STRIP = YES;
				ENABLE_NS_ASSERTIONS = NO;
				GCC_C_LANGUAGE_STANDARD = gnu99;
				GCC_WARN_64_TO_32_BIT_CONVERSION = YES;
				GCC_WARN_ABOUT_RETURN_TYPE = YES_ERROR;
				GCC_WARN_UNDECLARED_SELECTOR = YES;
				GCC_WARN_UNINITIALIZED_AUTOS = YES;
				GCC_WARN_UNUSED_FUNCTION = YES;
				GCC_WARN_UNUSED_VARIABLE = YES;
				IPHONEOS_DEPLOYMENT_TARGET = 7.0;
				SDKROOT = iphoneos;
				TARGETED_DEVICE_FAMILY = "1,2";
				VALIDATE_PRODUCT = YES;
			};
			name = Release;
		};
		A4F1A1E918F1AE2000299AD1 /* Debug */ = {
			isa = XCBuildConfiguration;
			buildSettings = {
				ASSETCATALOG_COMPILER_APPICON_NAME = AppIcon;
				ASSETCATALOG_COMPILER_LAUNCHIMAGE_NAME = LaunchImage;
				FRAMEWORK_SEARCH_PATHS = (
					"$(inherited)",
					"$(PROJECT_DIR)",
					/Users/jvolker/Desktop/GeoMaster,
				);
				GCC_PRECOMPILE_PREFIX_HEADER = YES;
				GCC_PREFIX_HEADER = "Geo Master/Geo Master-Prefix.pch";
				HEADER_SEARCH_PATHS = (
					"$(inherited)",
					/Applications/Xcode.app/Contents/Developer/Toolchains/XcodeDefault.xctoolchain/usr/include,
					"$(SDKROOT)/usr/include/libxml2",
				);
				INFOPLIST_FILE = "Geo Master/Geo Master-Info.plist";
				"OTHER_LDFLAGS[arch=*]" = "-ObjC";
				PRODUCT_NAME = "$(TARGET_NAME)";
				TARGETED_DEVICE_FAMILY = 1;
				WRAPPER_EXTENSION = app;
			};
			name = Debug;
		};
		A4F1A1EA18F1AE2000299AD1 /* Release */ = {
			isa = XCBuildConfiguration;
			buildSettings = {
				ASSETCATALOG_COMPILER_APPICON_NAME = AppIcon;
				ASSETCATALOG_COMPILER_LAUNCHIMAGE_NAME = LaunchImage;
				FRAMEWORK_SEARCH_PATHS = (
					"$(inherited)",
					"$(PROJECT_DIR)",
					/Users/jvolker/Desktop/GeoMaster,
				);
				GCC_PRECOMPILE_PREFIX_HEADER = YES;
				GCC_PREFIX_HEADER = "Geo Master/Geo Master-Prefix.pch";
				HEADER_SEARCH_PATHS = (
					"$(inherited)",
					/Applications/Xcode.app/Contents/Developer/Toolchains/XcodeDefault.xctoolchain/usr/include,
					"$(SDKROOT)/usr/include/libxml2",
				);
				INFOPLIST_FILE = "Geo Master/Geo Master-Info.plist";
				PRODUCT_NAME = "$(TARGET_NAME)";
				TARGETED_DEVICE_FAMILY = 1;
				WRAPPER_EXTENSION = app;
			};
			name = Release;
		};
		A4F1A1EC18F1AE2000299AD1 /* Debug */ = {
			isa = XCBuildConfiguration;
			buildSettings = {
				BUNDLE_LOADER = "$(BUILT_PRODUCTS_DIR)/Geo Master.app/Geo Master";
				FRAMEWORK_SEARCH_PATHS = (
					"$(SDKROOT)/Developer/Library/Frameworks",
					"$(inherited)",
					"$(DEVELOPER_FRAMEWORKS_DIR)",
				);
				GCC_PRECOMPILE_PREFIX_HEADER = YES;
				GCC_PREFIX_HEADER = "Geo Master/Geo Master-Prefix.pch";
				GCC_PREPROCESSOR_DEFINITIONS = (
					"DEBUG=1",
					"$(inherited)",
				);
				INFOPLIST_FILE = "Geo MasterTests/Geo MasterTests-Info.plist";
				PRODUCT_NAME = "$(TARGET_NAME)";
				TEST_HOST = "$(BUNDLE_LOADER)";
				WRAPPER_EXTENSION = xctest;
			};
			name = Debug;
		};
		A4F1A1ED18F1AE2000299AD1 /* Release */ = {
			isa = XCBuildConfiguration;
			buildSettings = {
				BUNDLE_LOADER = "$(BUILT_PRODUCTS_DIR)/Geo Master.app/Geo Master";
				FRAMEWORK_SEARCH_PATHS = (
					"$(SDKROOT)/Developer/Library/Frameworks",
					"$(inherited)",
					"$(DEVELOPER_FRAMEWORKS_DIR)",
				);
				GCC_PRECOMPILE_PREFIX_HEADER = YES;
				GCC_PREFIX_HEADER = "Geo Master/Geo Master-Prefix.pch";
				INFOPLIST_FILE = "Geo MasterTests/Geo MasterTests-Info.plist";
				PRODUCT_NAME = "$(TARGET_NAME)";
				TEST_HOST = "$(BUNDLE_LOADER)";
				WRAPPER_EXTENSION = xctest;
			};
			name = Release;
		};
/* End XCBuildConfiguration section */

/* Begin XCConfigurationList section */
		A4F1A1AE18F1AE2000299AD1 /* Build configuration list for PBXProject "Geo Master" */ = {
			isa = XCConfigurationList;
			buildConfigurations = (
				A4F1A1E618F1AE2000299AD1 /* Debug */,
				A4F1A1E718F1AE2000299AD1 /* Release */,
			);
			defaultConfigurationIsVisible = 0;
			defaultConfigurationName = Release;
		};
		A4F1A1E818F1AE2000299AD1 /* Build configuration list for PBXNativeTarget "Geo Master" */ = {
			isa = XCConfigurationList;
			buildConfigurations = (
				A4F1A1E918F1AE2000299AD1 /* Debug */,
				A4F1A1EA18F1AE2000299AD1 /* Release */,
			);
			defaultConfigurationIsVisible = 0;
			defaultConfigurationName = Release;
		};
		A4F1A1EB18F1AE2000299AD1 /* Build configuration list for PBXNativeTarget "Geo MasterTests" */ = {
			isa = XCConfigurationList;
			buildConfigurations = (
				A4F1A1EC18F1AE2000299AD1 /* Debug */,
				A4F1A1ED18F1AE2000299AD1 /* Release */,
			);
			defaultConfigurationIsVisible = 0;
			defaultConfigurationName = Release;
		};
/* End XCConfigurationList section */
	};
	rootObject = A4F1A1AB18F1AE1F00299AD1 /* Project object */;
}
